
Microsoft Visual Studio Solution File, Format Version 12.00
# Visual Studio Version 17
VisualStudioVersion = 17.3.32929.385
MinimumVisualStudioVersion = 10.0.40219.1
Project("{FAE04EC0-301F-11D3-BF4B-00C04F79EFBC}") = "Proj1", "Proj1\Proj1.csproj", "{D654EC07-7938-4A3B-82BA-6E05854082C0}"
EndProject
Global
	GlobalSection(SolutionConfigurationPlatforms) = preSolution
		Debug|Any CPU = Debug|Any CPU
		Release|Any CPU = Release|Any CPU
	EndGlobalSection
	GlobalSection(ProjectConfigurationPlatforms) = postSolution
		{D654EC07-7938-4A3B-82BA-6E05854082C0}.Debug|Any CPU.ActiveCfg = Debug|Any CPU
		{D654EC07-7938-4A3B-82BA-6E05854082C0}.Debug|Any CPU.Build.0 = Debug|Any CPU
		{D654EC07-7938-4A3B-82BA-6E05854082C0}.Release|Any CPU.ActiveCfg = Release|Any CPU
		{D654EC07-7938-4A3B-82BA-6E05854082C0}.Release|Any CPU.Build.0 = Release|Any CPU
	EndGlobalSection
	GlobalSection(SolutionProperties) = preSolution
		HideSolutionNode = FALSE
	EndGlobalSection
	GlobalSection(ExtensibilityGlobals) = postSolution
		SolutionGuid = {3B62AA42-6104-4303-A07C-C5634AFC3E99}
	EndGlobalSection
EndGlobal
